
Microsoft Visual Studio Solution File, Format Version 12.00
# Visual Studio Version 17
VisualStudioVersion = 17.2.32630.192
MinimumVisualStudioVersion = 10.0.40219.1
Project("{9A19103F-16F7-4668-BE54-9A1E7A4F7556}") = "R5T.Z0065.Construction", "R5T.Z0065.Construction\R5T.Z0065.Construction.csproj", "{A3ADE4FF-7BB7-4580-9890-98C015CEDA5B}"
EndProject
Project("{9A19103F-16F7-4668-BE54-9A1E7A4F7556}") = "R5T.Z0065", "R5T.Z0065\R5T.Z0065.csproj", "{E76B73AA-F769-4D97-84E0-3AD81DDC74AF}"
EndProject
Project("{9A19103F-16F7-4668-BE54-9A1E7A4F7556}") = "R5T.Z0065.Z000", "R5T.Z0065.Z000\R5T.Z0065.Z000.csproj", "{DE722EAF-D95A-4CD3-8CBE-818E529BE03F}"
EndProject
Project("{2150E333-8FDC-42A3-9474-1A3956D46DE8}") = "_Dependencies", "_Dependencies", "{118B7E09-1659-42E5-A9A6-36338C2F1EE1}"
EndProject
Project("{9A19103F-16F7-4668-BE54-9A1E7A4F7556}") = "R5T.F0000", "..\..\R5T.F0000\source\R5T.F0000\R5T.F0000.csproj", "{21A6EB3F-465C-4479-9C26-3160F1014378}"
EndProject
Project("{9A19103F-16F7-4668-BE54-9A1E7A4F7556}") = "R5T.F0002", "..\..\R5T.F0002\source\R5T.F0002\R5T.F0002.csproj", "{5F31E5C8-124F-436F-A393-AFC4E9B37FA4}"
EndProject
Project("{9A19103F-16F7-4668-BE54-9A1E7A4F7556}") = "R5T.F0059", "..\..\R5T.F0059\source\R5T.F0059\R5T.F0059.csproj", "{AFAA44F4-3029-41BA-BB7E-6C694B2DB952}"
EndProject
Project("{9A19103F-16F7-4668-BE54-9A1E7A4F7556}") = "R5T.F0120", "..\..\R5T.F0120\source\R5T.F0120\R5T.F0120.csproj", "{8382AA73-D179-44AC-921F-0F9641D1684C}"
EndProject
Project("{9A19103F-16F7-4668-BE54-9A1E7A4F7556}") = "R5T.F0124", "..\..\R5T.F0124\source\R5T.F0124\R5T.F0124.csproj", "{13B378C5-3E16-4122-9DBD-EE1391101827}"
EndProject
Project("{9A19103F-16F7-4668-BE54-9A1E7A4F7556}") = "R5T.F0125", "..\..\R5T.F0125\source\R5T.F0125\R5T.F0125.csproj", "{36E9D3EF-A0F7-4232-9C19-D8CBF75858C4}"
EndProject
Project("{9A19103F-16F7-4668-BE54-9A1E7A4F7556}") = "R5T.L0030.T000", "..\..\R5T.L0030\source\R5T.L0030.T000\R5T.L0030.T000.csproj", "{01102EE2-9B06-4282-89D4-46E2C2E8A952}"
EndProject
Project("{9A19103F-16F7-4668-BE54-9A1E7A4F7556}") = "R5T.L0030", "..\..\R5T.L0030\source\R5T.L0030\R5T.L0030.csproj", "{76270CE2-8159-47CB-ACA7-BACB05E31667}"
EndProject
Project("{9A19103F-16F7-4668-BE54-9A1E7A4F7556}") = "R5T.L0034", "..\..\R5T.L0034\source\R5T.L0034\R5T.L0034.csproj", "{5A65DD08-6B14-4EBC-A8B8-5972B6AD83D3}"
EndProject
Project("{9A19103F-16F7-4668-BE54-9A1E7A4F7556}") = "R5T.L0035", "..\..\R5T.L0035\source\R5T.L0035\R5T.L0035.csproj", "{4E4B9F0A-B452-45D5-AA5B-808BA1B4D838}"
EndProject
Project("{9A19103F-16F7-4668-BE54-9A1E7A4F7556}") = "R5T.L0053", "..\..\R5T.L0053\source\R5T.L0053\R5T.L0053.csproj", "{3F445529-447F-4E36-BD29-2B6D0AE0258B}"
EndProject
Project("{9A19103F-16F7-4668-BE54-9A1E7A4F7556}") = "R5T.L0056", "..\..\R5T.L0056\source\R5T.L0056\R5T.L0056.csproj", "{A35B50AC-FFC4-4B76-B34D-8BB86A7B9248}"
EndProject
Project("{9A19103F-16F7-4668-BE54-9A1E7A4F7556}") = "R5T.L0066", "..\..\R5T.L0066\source\R5T.L0066\R5T.L0066.csproj", "{E9222355-711D-4421-A19A-F350C72FDB3B}"
EndProject
Project("{9A19103F-16F7-4668-BE54-9A1E7A4F7556}") = "R5T.L0071", "..\..\R5T.L0071\source\R5T.L0071\R5T.L0071.csproj", "{E07CDB11-5131-409C-89C4-7EA4BB02113C}"
EndProject
Project("{9A19103F-16F7-4668-BE54-9A1E7A4F7556}") = "R5T.L0074", "..\..\R5T.L0074\source\R5T.L0074\R5T.L0074.csproj", "{774C03D3-3CC1-4549-B232-7E12ACB7D51E}"
EndProject
Project("{9A19103F-16F7-4668-BE54-9A1E7A4F7556}") = "R5T.NG0006", "..\..\R5T.NG0006\source\R5T.NG0006\R5T.NG0006.csproj", "{4818227C-751D-45F8-97A4-BD44019F5B14}"
EndProject
Project("{9A19103F-16F7-4668-BE54-9A1E7A4F7556}") = "R5T.NG0022", "..\..\R5T.NG0022\source\R5T.NG0022\R5T.NG0022.csproj", "{338FEAAC-6BB4-4652-8B72-EC5C12DCD003}"
EndProject
Project("{9A19103F-16F7-4668-BE54-9A1E7A4F7556}") = "R5T.T0131", "..\..\R5T.T0131\source\R5T.T0131\R5T.T0131.csproj", "{A2D1CFC9-A46D-485F-82C7-1D02046DDDF3}"
EndProject
Project("{9A19103F-16F7-4668-BE54-9A1E7A4F7556}") = "R5T.T0132", "..\..\R5T.T0132\source\R5T.T0132\R5T.T0132.csproj", "{064ACE88-1CB2-4DF5-A310-27F4D797B003}"
EndProject
Project("{9A19103F-16F7-4668-BE54-9A1E7A4F7556}") = "R5T.T0142", "..\..\R5T.T0142\source\R5T.T0142\R5T.T0142.csproj", "{E2093178-E671-4178-B74C-C5FDB7230237}"
EndProject
Project("{9A19103F-16F7-4668-BE54-9A1E7A4F7556}") = "R5T.T0143", "..\..\R5T.T0143\source\R5T.T0143\R5T.T0143.csproj", "{3DA35FD1-F6DB-400B-8903-FDD306FD07C7}"
EndProject
Project("{9A19103F-16F7-4668-BE54-9A1E7A4F7556}") = "R5T.T0150", "..\..\R5T.T0150\source\R5T.T0150\R5T.T0150.csproj", "{5072B2AD-DD20-4479-B3CE-766496746AC0}"
EndProject
Project("{9A19103F-16F7-4668-BE54-9A1E7A4F7556}") = "R5T.T0151", "..\..\R5T.T0151\source\R5T.T0151\R5T.T0151.csproj", "{8FFBBA4A-329C-4345-8BED-7C3EAD5139CB}"
EndProject
Project("{9A19103F-16F7-4668-BE54-9A1E7A4F7556}") = "R5T.T0156", "..\..\R5T.T0156\source\R5T.T0156\R5T.T0156.csproj", "{C5582CFA-7B5C-4B67-AB90-AE9E0EBB4C75}"
EndProject
Project("{9A19103F-16F7-4668-BE54-9A1E7A4F7556}") = "R5T.T0158", "..\..\R5T.T0158\source\R5T.T0158\R5T.T0158.csproj", "{EB8B2F48-0F8B-4126-B6EE-EBF58ECB214F}"
EndProject
Project("{9A19103F-16F7-4668-BE54-9A1E7A4F7556}") = "R5T.T0159", "..\..\R5T.T0159\source\R5T.T0159\R5T.T0159.csproj", "{99792BE5-C9A4-416A-BB5B-035312506D76}"
EndProject
Project("{9A19103F-16F7-4668-BE54-9A1E7A4F7556}") = "R5T.T0172", "..\..\R5T.T0172\source\R5T.T0172\R5T.T0172.csproj", "{4909661A-9FB8-4AA7-9BAB-10ABBA91C01A}"
EndProject
Project("{9A19103F-16F7-4668-BE54-9A1E7A4F7556}") = "R5T.T0174", "..\..\R5T.T0174\source\R5T.T0174\R5T.T0174.csproj", "{A447D708-CD73-4B11-9CF7-0248C812996A}"
EndProject
Project("{9A19103F-16F7-4668-BE54-9A1E7A4F7556}") = "R5T.T0176", "..\..\R5T.T0176\source\R5T.T0176\R5T.T0176.csproj", "{ED5B56B5-DA6B-40E2-AB5E-E8D492AECEA3}"
EndProject
Project("{9A19103F-16F7-4668-BE54-9A1E7A4F7556}") = "R5T.T0177", "..\..\R5T.T0177\source\R5T.T0177\R5T.T0177.csproj", "{DE28B541-8C12-48E9-872B-AED770422270}"
EndProject
Project("{9A19103F-16F7-4668-BE54-9A1E7A4F7556}") = "R5T.T0178", "..\..\R5T.T0178\source\R5T.T0178\R5T.T0178.csproj", "{89CAA5C6-6AF4-44D3-9115-DE869AED9BED}"
EndProject
Project("{9A19103F-16F7-4668-BE54-9A1E7A4F7556}") = "R5T.T0179", "..\..\R5T.T0179\source\R5T.T0179\R5T.T0179.csproj", "{0B39C7BB-C692-4996-BB94-02DEBC277B3B}"
EndProject
Project("{9A19103F-16F7-4668-BE54-9A1E7A4F7556}") = "R5T.T0180", "..\..\R5T.T0180\source\R5T.T0180\R5T.T0180.csproj", "{445B7B01-CCD9-47FA-9322-8BB883DF233E}"
EndProject
Project("{9A19103F-16F7-4668-BE54-9A1E7A4F7556}") = "R5T.T0181", "..\..\R5T.T0181\source\R5T.T0181\R5T.T0181.csproj", "{2672847F-DC25-40DC-888F-E4E8B795C63A}"
EndProject
Project("{9A19103F-16F7-4668-BE54-9A1E7A4F7556}") = "R5T.T0185", "..\..\R5T.T0185\source\R5T.T0185\R5T.T0185.csproj", "{CA7B5ED0-CF3F-4F5B-B0CC-614595D60B02}"
EndProject
Project("{9A19103F-16F7-4668-BE54-9A1E7A4F7556}") = "R5T.T0199.T000", "..\..\R5T.T0199\source\R5T.T0199.T000\R5T.T0199.T000.csproj", "{7409F1A1-3C6C-4FC9-AADD-2A540CC5BFF9}"
EndProject
Project("{9A19103F-16F7-4668-BE54-9A1E7A4F7556}") = "R5T.T0199.T001", "..\..\R5T.T0199\source\R5T.T0199.T001\R5T.T0199.T001.csproj", "{587EBE3C-E986-4492-AA33-372E069D2030}"
EndProject
Project("{9A19103F-16F7-4668-BE54-9A1E7A4F7556}") = "R5T.T0199", "..\..\R5T.T0199\source\R5T.T0199\R5T.T0199.csproj", "{3E0F786E-F0B1-4D2D-96A0-A2197205FFE8}"
EndProject
Project("{9A19103F-16F7-4668-BE54-9A1E7A4F7556}") = "R5T.T0203", "..\..\R5T.T0203\source\R5T.T0203\R5T.T0203.csproj", "{6C95A7C7-1446-4195-9101-3900BD5B650B}"
EndProject
Project("{9A19103F-16F7-4668-BE54-9A1E7A4F7556}") = "R5T.T0213", "..\..\R5T.T0213\source\R5T.T0213\R5T.T0213.csproj", "{019F5155-2098-445A-AB73-14B6C49547B3}"
EndProject
Project("{9A19103F-16F7-4668-BE54-9A1E7A4F7556}") = "R5T.T0218", "..\..\R5T.T0218\source\R5T.T0218\R5T.T0218.csproj", "{4C39B646-03B9-4DAF-B8E6-30445C9E6114}"
EndProject
Project("{9A19103F-16F7-4668-BE54-9A1E7A4F7556}") = "R5T.T0219", "..\..\R5T.T0219\source\R5T.T0219\R5T.T0219.csproj", "{C34CDED0-AEFF-42E2-BBB0-6F39234F9323}"
EndProject
Project("{9A19103F-16F7-4668-BE54-9A1E7A4F7556}") = "R5T.T0220", "..\..\R5T.T0220\source\R5T.T0220\R5T.T0220.csproj", "{7780C52D-E21D-49C8-880A-A30CEAE05AE7}"
EndProject
Project("{9A19103F-16F7-4668-BE54-9A1E7A4F7556}") = "R5T.T0221", "..\..\R5T.T0221\source\R5T.T0221\R5T.T0221.csproj", "{14C1EE05-D02B-478C-A2B3-70A2E1208C3A}"
EndProject
Project("{9A19103F-16F7-4668-BE54-9A1E7A4F7556}") = "R5T.T0227", "..\..\R5T.T0227\source\R5T.T0227\R5T.T0227.csproj", "{E0DD6F15-B73E-472D-9136-AE20913D14B4}"
EndProject
Project("{9A19103F-16F7-4668-BE54-9A1E7A4F7556}") = "R5T.Y0000", "..\..\R5T.Y0000\source\R5T.Y0000\R5T.Y0000.csproj", "{A7581F44-77B5-45DE-B83A-ED80538767EA}"
EndProject
Project("{9A19103F-16F7-4668-BE54-9A1E7A4F7556}") = "R5T.Y0006", "..\..\R5T.Y0006\source\R5T.Y0006\R5T.Y0006.csproj", "{8374772F-F8AF-48BF-B80B-2C152AD638D0}"
EndProject
Project("{9A19103F-16F7-4668-BE54-9A1E7A4F7556}") = "R5T.Z0000", "..\..\R5T.Z0000\source\R5T.Z0000\R5T.Z0000.csproj", "{3A14AA93-A9B7-4B96-815B-81997ED583A2}"
EndProject
Project("{9A19103F-16F7-4668-BE54-9A1E7A4F7556}") = "R5T.Z0010.Platform", "..\..\R5T.Z0010\source\R5T.Z0010.Platform\R5T.Z0010.Platform.csproj", "{4015EFB0-412F-49FF-A6C0-005771833423}"
EndProject
Project("{9A19103F-16F7-4668-BE54-9A1E7A4F7556}") = "R5T.Z0010", "..\..\R5T.Z0010\source\R5T.Z0010\R5T.Z0010.csproj", "{8156227E-45A6-452C-AC40-125223BFABB4}"
EndProject
Project("{9A19103F-16F7-4668-BE54-9A1E7A4F7556}") = "R5T.Z0057.Platform", "..\..\R5T.Z0057\source\R5T.Z0057.Platform\R5T.Z0057.Platform.csproj", "{EBEF1A81-0673-4DA3-8768-5223D57E2D9D}"
EndProject
Project("{9A19103F-16F7-4668-BE54-9A1E7A4F7556}") = "R5T.Z0057", "..\..\R5T.Z0057\source\R5T.Z0057\R5T.Z0057.csproj", "{F6A477CB-933C-4F08-B7E0-405C340A4BDD}"
EndProject
Project("{9A19103F-16F7-4668-BE54-9A1E7A4F7556}") = "R5T.Z0058", "..\..\R5T.Z0058\source\R5T.Z0058\R5T.Z0058.csproj", "{DD80A06B-31C6-4D98-A54F-CB29B8B1C1C5}"
EndProject
Project("{9A19103F-16F7-4668-BE54-9A1E7A4F7556}") = "R5T.Z0065.Z001", "R5T.Z0065.Z001\R5T.Z0065.Z001.csproj", "{92BDAF7A-19C5-4356-8FF8-F46DAA2CBCC3}"
EndProject
Project("{9A19103F-16F7-4668-BE54-9A1E7A4F7556}") = "R5T.T0228", "..\..\R5T.T0228\source\R5T.T0228\R5T.T0228.csproj", "{E3BE9421-2B5D-40CD-B720-967BDA9128A0}"
EndProject
Global
	GlobalSection(NestedProjects) = preSolution
		{21A6EB3F-465C-4479-9C26-3160F1014378} = {118B7E09-1659-42E5-A9A6-36338C2F1EE1}
		{5F31E5C8-124F-436F-A393-AFC4E9B37FA4} = {118B7E09-1659-42E5-A9A6-36338C2F1EE1}
		{AFAA44F4-3029-41BA-BB7E-6C694B2DB952} = {118B7E09-1659-42E5-A9A6-36338C2F1EE1}
		{8382AA73-D179-44AC-921F-0F9641D1684C} = {118B7E09-1659-42E5-A9A6-36338C2F1EE1}
		{13B378C5-3E16-4122-9DBD-EE1391101827} = {118B7E09-1659-42E5-A9A6-36338C2F1EE1}
		{36E9D3EF-A0F7-4232-9C19-D8CBF75858C4} = {118B7E09-1659-42E5-A9A6-36338C2F1EE1}
		{01102EE2-9B06-4282-89D4-46E2C2E8A952} = {118B7E09-1659-42E5-A9A6-36338C2F1EE1}
		{76270CE2-8159-47CB-ACA7-BACB05E31667} = {118B7E09-1659-42E5-A9A6-36338C2F1EE1}
		{5A65DD08-6B14-4EBC-A8B8-5972B6AD83D3} = {118B7E09-1659-42E5-A9A6-36338C2F1EE1}
		{4E4B9F0A-B452-45D5-AA5B-808BA1B4D838} = {118B7E09-1659-42E5-A9A6-36338C2F1EE1}
		{3F445529-447F-4E36-BD29-2B6D0AE0258B} = {118B7E09-1659-42E5-A9A6-36338C2F1EE1}
		{A35B50AC-FFC4-4B76-B34D-8BB86A7B9248} = {118B7E09-1659-42E5-A9A6-36338C2F1EE1}
		{E9222355-711D-4421-A19A-F350C72FDB3B} = {118B7E09-1659-42E5-A9A6-36338C2F1EE1}
		{E07CDB11-5131-409C-89C4-7EA4BB02113C} = {118B7E09-1659-42E5-A9A6-36338C2F1EE1}
		{774C03D3-3CC1-4549-B232-7E12ACB7D51E} = {118B7E09-1659-42E5-A9A6-36338C2F1EE1}
		{4818227C-751D-45F8-97A4-BD44019F5B14} = {118B7E09-1659-42E5-A9A6-36338C2F1EE1}
		{338FEAAC-6BB4-4652-8B72-EC5C12DCD003} = {118B7E09-1659-42E5-A9A6-36338C2F1EE1}
		{A2D1CFC9-A46D-485F-82C7-1D02046DDDF3} = {118B7E09-1659-42E5-A9A6-36338C2F1EE1}
		{064ACE88-1CB2-4DF5-A310-27F4D797B003} = {118B7E09-1659-42E5-A9A6-36338C2F1EE1}
		{E2093178-E671-4178-B74C-C5FDB7230237} = {118B7E09-1659-42E5-A9A6-36338C2F1EE1}
		{3DA35FD1-F6DB-400B-8903-FDD306FD07C7} = {118B7E09-1659-42E5-A9A6-36338C2F1EE1}
		{5072B2AD-DD20-4479-B3CE-766496746AC0} = {118B7E09-1659-42E5-A9A6-36338C2F1EE1}
		{8FFBBA4A-329C-4345-8BED-7C3EAD5139CB} = {118B7E09-1659-42E5-A9A6-36338C2F1EE1}
		{C5582CFA-7B5C-4B67-AB90-AE9E0EBB4C75} = {118B7E09-1659-42E5-A9A6-36338C2F1EE1}
		{EB8B2F48-0F8B-4126-B6EE-EBF58ECB214F} = {118B7E09-1659-42E5-A9A6-36338C2F1EE1}
		{99792BE5-C9A4-416A-BB5B-035312506D76} = {118B7E09-1659-42E5-A9A6-36338C2F1EE1}
		{4909661A-9FB8-4AA7-9BAB-10ABBA91C01A} = {118B7E09-1659-42E5-A9A6-36338C2F1EE1}
		{A447D708-CD73-4B11-9CF7-0248C812996A} = {118B7E09-1659-42E5-A9A6-36338C2F1EE1}
		{ED5B56B5-DA6B-40E2-AB5E-E8D492AECEA3} = {118B7E09-1659-42E5-A9A6-36338C2F1EE1}
		{DE28B541-8C12-48E9-872B-AED770422270} = {118B7E09-1659-42E5-A9A6-36338C2F1EE1}
		{89CAA5C6-6AF4-44D3-9115-DE869AED9BED} = {118B7E09-1659-42E5-A9A6-36338C2F1EE1}
		{0B39C7BB-C692-4996-BB94-02DEBC277B3B} = {118B7E09-1659-42E5-A9A6-36338C2F1EE1}
		{445B7B01-CCD9-47FA-9322-8BB883DF233E} = {118B7E09-1659-42E5-A9A6-36338C2F1EE1}
		{2672847F-DC25-40DC-888F-E4E8B795C63A} = {118B7E09-1659-42E5-A9A6-36338C2F1EE1}
		{CA7B5ED0-CF3F-4F5B-B0CC-614595D60B02} = {118B7E09-1659-42E5-A9A6-36338C2F1EE1}
		{7409F1A1-3C6C-4FC9-AADD-2A540CC5BFF9} = {118B7E09-1659-42E5-A9A6-36338C2F1EE1}
		{587EBE3C-E986-4492-AA33-372E069D2030} = {118B7E09-1659-42E5-A9A6-36338C2F1EE1}
		{3E0F786E-F0B1-4D2D-96A0-A2197205FFE8} = {118B7E09-1659-42E5-A9A6-36338C2F1EE1}
		{6C95A7C7-1446-4195-9101-3900BD5B650B} = {118B7E09-1659-42E5-A9A6-36338C2F1EE1}
		{019F5155-2098-445A-AB73-14B6C49547B3} = {118B7E09-1659-42E5-A9A6-36338C2F1EE1}
		{4C39B646-03B9-4DAF-B8E6-30445C9E6114} = {118B7E09-1659-42E5-A9A6-36338C2F1EE1}
		{C34CDED0-AEFF-42E2-BBB0-6F39234F9323} = {118B7E09-1659-42E5-A9A6-36338C2F1EE1}
		{7780C52D-E21D-49C8-880A-A30CEAE05AE7} = {118B7E09-1659-42E5-A9A6-36338C2F1EE1}
		{14C1EE05-D02B-478C-A2B3-70A2E1208C3A} = {118B7E09-1659-42E5-A9A6-36338C2F1EE1}
		{E0DD6F15-B73E-472D-9136-AE20913D14B4} = {118B7E09-1659-42E5-A9A6-36338C2F1EE1}
		{A7581F44-77B5-45DE-B83A-ED80538767EA} = {118B7E09-1659-42E5-A9A6-36338C2F1EE1}
		{8374772F-F8AF-48BF-B80B-2C152AD638D0} = {118B7E09-1659-42E5-A9A6-36338C2F1EE1}
		{3A14AA93-A9B7-4B96-815B-81997ED583A2} = {118B7E09-1659-42E5-A9A6-36338C2F1EE1}
		{4015EFB0-412F-49FF-A6C0-005771833423} = {118B7E09-1659-42E5-A9A6-36338C2F1EE1}
		{8156227E-45A6-452C-AC40-125223BFABB4} = {118B7E09-1659-42E5-A9A6-36338C2F1EE1}
		{EBEF1A81-0673-4DA3-8768-5223D57E2D9D} = {118B7E09-1659-42E5-A9A6-36338C2F1EE1}
		{F6A477CB-933C-4F08-B7E0-405C340A4BDD} = {118B7E09-1659-42E5-A9A6-36338C2F1EE1}
		{DD80A06B-31C6-4D98-A54F-CB29B8B1C1C5} = {118B7E09-1659-42E5-A9A6-36338C2F1EE1}
		{E3BE9421-2B5D-40CD-B720-967BDA9128A0} = {118B7E09-1659-42E5-A9A6-36338C2F1EE1}
	EndGlobalSection
	GlobalSection(SolutionConfigurationPlatforms) = preSolution
		Debug|Any CPU = Debug|Any CPU
		Release|Any CPU = Release|Any CPU
	EndGlobalSection
	GlobalSection(ProjectConfigurationPlatforms) = postSolution
		{A3ADE4FF-7BB7-4580-9890-98C015CEDA5B}.Debug|Any CPU.ActiveCfg = Debug|Any CPU
		{A3ADE4FF-7BB7-4580-9890-98C015CEDA5B}.Debug|Any CPU.Build.0 = Debug|Any CPU
		{A3ADE4FF-7BB7-4580-9890-98C015CEDA5B}.Release|Any CPU.ActiveCfg = Release|Any CPU
		{A3ADE4FF-7BB7-4580-9890-98C015CEDA5B}.Release|Any CPU.Build.0 = Release|Any CPU
		{E76B73AA-F769-4D97-84E0-3AD81DDC74AF}.Debug|Any CPU.ActiveCfg = Debug|Any CPU
		{E76B73AA-F769-4D97-84E0-3AD81DDC74AF}.Debug|Any CPU.Build.0 = Debug|Any CPU
		{E76B73AA-F769-4D97-84E0-3AD81DDC74AF}.Release|Any CPU.ActiveCfg = Release|Any CPU
		{E76B73AA-F769-4D97-84E0-3AD81DDC74AF}.Release|Any CPU.Build.0 = Release|Any CPU
		{DE722EAF-D95A-4CD3-8CBE-818E529BE03F}.Debug|Any CPU.ActiveCfg = Debug|Any CPU
		{DE722EAF-D95A-4CD3-8CBE-818E529BE03F}.Debug|Any CPU.Build.0 = Debug|Any CPU
		{DE722EAF-D95A-4CD3-8CBE-818E529BE03F}.Release|Any CPU.ActiveCfg = Release|Any CPU
		{DE722EAF-D95A-4CD3-8CBE-818E529BE03F}.Release|Any CPU.Build.0 = Release|Any CPU
		{21A6EB3F-465C-4479-9C26-3160F1014378}.Debug|Any CPU.ActiveCfg = Debug|Any CPU
		{21A6EB3F-465C-4479-9C26-3160F1014378}.Debug|Any CPU.Build.0 = Debug|Any CPU
		{21A6EB3F-465C-4479-9C26-3160F1014378}.Release|Any CPU.ActiveCfg = Release|Any CPU
		{21A6EB3F-465C-4479-9C26-3160F1014378}.Release|Any CPU.Build.0 = Release|Any CPU
		{5F31E5C8-124F-436F-A393-AFC4E9B37FA4}.Debug|Any CPU.ActiveCfg = Debug|Any CPU
		{5F31E5C8-124F-436F-A393-AFC4E9B37FA4}.Debug|Any CPU.Build.0 = Debug|Any CPU
		{5F31E5C8-124F-436F-A393-AFC4E9B37FA4}.Release|Any CPU.ActiveCfg = Release|Any CPU
		{5F31E5C8-124F-436F-A393-AFC4E9B37FA4}.Release|Any CPU.Build.0 = Release|Any CPU
		{AFAA44F4-3029-41BA-BB7E-6C694B2DB952}.Debug|Any CPU.ActiveCfg = Debug|Any CPU
		{AFAA44F4-3029-41BA-BB7E-6C694B2DB952}.Debug|Any CPU.Build.0 = Debug|Any CPU
		{AFAA44F4-3029-41BA-BB7E-6C694B2DB952}.Release|Any CPU.ActiveCfg = Release|Any CPU
		{AFAA44F4-3029-41BA-BB7E-6C694B2DB952}.Release|Any CPU.Build.0 = Release|Any CPU
		{8382AA73-D179-44AC-921F-0F9641D1684C}.Debug|Any CPU.ActiveCfg = Debug|Any CPU
		{8382AA73-D179-44AC-921F-0F9641D1684C}.Debug|Any CPU.Build.0 = Debug|Any CPU
		{8382AA73-D179-44AC-921F-0F9641D1684C}.Release|Any CPU.ActiveCfg = Release|Any CPU
		{8382AA73-D179-44AC-921F-0F9641D1684C}.Release|Any CPU.Build.0 = Release|Any CPU
		{13B378C5-3E16-4122-9DBD-EE1391101827}.Debug|Any CPU.ActiveCfg = Debug|Any CPU
		{13B378C5-3E16-4122-9DBD-EE1391101827}.Debug|Any CPU.Build.0 = Debug|Any CPU
		{13B378C5-3E16-4122-9DBD-EE1391101827}.Release|Any CPU.ActiveCfg = Release|Any CPU
		{13B378C5-3E16-4122-9DBD-EE1391101827}.Release|Any CPU.Build.0 = Release|Any CPU
		{36E9D3EF-A0F7-4232-9C19-D8CBF75858C4}.Debug|Any CPU.ActiveCfg = Debug|Any CPU
		{36E9D3EF-A0F7-4232-9C19-D8CBF75858C4}.Debug|Any CPU.Build.0 = Debug|Any CPU
		{36E9D3EF-A0F7-4232-9C19-D8CBF75858C4}.Release|Any CPU.ActiveCfg = Release|Any CPU
		{36E9D3EF-A0F7-4232-9C19-D8CBF75858C4}.Release|Any CPU.Build.0 = Release|Any CPU
		{01102EE2-9B06-4282-89D4-46E2C2E8A952}.Debug|Any CPU.ActiveCfg = Debug|Any CPU
		{01102EE2-9B06-4282-89D4-46E2C2E8A952}.Debug|Any CPU.Build.0 = Debug|Any CPU
		{01102EE2-9B06-4282-89D4-46E2C2E8A952}.Release|Any CPU.ActiveCfg = Release|Any CPU
		{01102EE2-9B06-4282-89D4-46E2C2E8A952}.Release|Any CPU.Build.0 = Release|Any CPU
		{76270CE2-8159-47CB-ACA7-BACB05E31667}.Debug|Any CPU.ActiveCfg = Debug|Any CPU
		{76270CE2-8159-47CB-ACA7-BACB05E31667}.Debug|Any CPU.Build.0 = Debug|Any CPU
		{76270CE2-8159-47CB-ACA7-BACB05E31667}.Release|Any CPU.ActiveCfg = Release|Any CPU
		{76270CE2-8159-47CB-ACA7-BACB05E31667}.Release|Any CPU.Build.0 = Release|Any CPU
		{5A65DD08-6B14-4EBC-A8B8-5972B6AD83D3}.Debug|Any CPU.ActiveCfg = Debug|Any CPU
		{5A65DD08-6B14-4EBC-A8B8-5972B6AD83D3}.Debug|Any CPU.Build.0 = Debug|Any CPU
		{5A65DD08-6B14-4EBC-A8B8-5972B6AD83D3}.Release|Any CPU.ActiveCfg = Release|Any CPU
		{5A65DD08-6B14-4EBC-A8B8-5972B6AD83D3}.Release|Any CPU.Build.0 = Release|Any CPU
		{4E4B9F0A-B452-45D5-AA5B-808BA1B4D838}.Debug|Any CPU.ActiveCfg = Debug|Any CPU
		{4E4B9F0A-B452-45D5-AA5B-808BA1B4D838}.Debug|Any CPU.Build.0 = Debug|Any CPU
		{4E4B9F0A-B452-45D5-AA5B-808BA1B4D838}.Release|Any CPU.ActiveCfg = Release|Any CPU
		{4E4B9F0A-B452-45D5-AA5B-808BA1B4D838}.Release|Any CPU.Build.0 = Release|Any CPU
		{3F445529-447F-4E36-BD29-2B6D0AE0258B}.Debug|Any CPU.ActiveCfg = Debug|Any CPU
		{3F445529-447F-4E36-BD29-2B6D0AE0258B}.Debug|Any CPU.Build.0 = Debug|Any CPU
		{3F445529-447F-4E36-BD29-2B6D0AE0258B}.Release|Any CPU.ActiveCfg = Release|Any CPU
		{3F445529-447F-4E36-BD29-2B6D0AE0258B}.Release|Any CPU.Build.0 = Release|Any CPU
		{A35B50AC-FFC4-4B76-B34D-8BB86A7B9248}.Debug|Any CPU.ActiveCfg = Debug|Any CPU
		{A35B50AC-FFC4-4B76-B34D-8BB86A7B9248}.Debug|Any CPU.Build.0 = Debug|Any CPU
		{A35B50AC-FFC4-4B76-B34D-8BB86A7B9248}.Release|Any CPU.ActiveCfg = Release|Any CPU
		{A35B50AC-FFC4-4B76-B34D-8BB86A7B9248}.Release|Any CPU.Build.0 = Release|Any CPU
		{E9222355-711D-4421-A19A-F350C72FDB3B}.Debug|Any CPU.ActiveCfg = Debug|Any CPU
		{E9222355-711D-4421-A19A-F350C72FDB3B}.Debug|Any CPU.Build.0 = Debug|Any CPU
		{E9222355-711D-4421-A19A-F350C72FDB3B}.Release|Any CPU.ActiveCfg = Release|Any CPU
		{E9222355-711D-4421-A19A-F350C72FDB3B}.Release|Any CPU.Build.0 = Release|Any CPU
		{E07CDB11-5131-409C-89C4-7EA4BB02113C}.Debug|Any CPU.ActiveCfg = Debug|Any CPU
		{E07CDB11-5131-409C-89C4-7EA4BB02113C}.Debug|Any CPU.Build.0 = Debug|Any CPU
		{E07CDB11-5131-409C-89C4-7EA4BB02113C}.Release|Any CPU.ActiveCfg = Release|Any CPU
		{E07CDB11-5131-409C-89C4-7EA4BB02113C}.Release|Any CPU.Build.0 = Release|Any CPU
		{774C03D3-3CC1-4549-B232-7E12ACB7D51E}.Debug|Any CPU.ActiveCfg = Debug|Any CPU
		{774C03D3-3CC1-4549-B232-7E12ACB7D51E}.Debug|Any CPU.Build.0 = Debug|Any CPU
		{774C03D3-3CC1-4549-B232-7E12ACB7D51E}.Release|Any CPU.ActiveCfg = Release|Any CPU
		{774C03D3-3CC1-4549-B232-7E12ACB7D51E}.Release|Any CPU.Build.0 = Release|Any CPU
		{4818227C-751D-45F8-97A4-BD44019F5B14}.Debug|Any CPU.ActiveCfg = Debug|Any CPU
		{4818227C-751D-45F8-97A4-BD44019F5B14}.Debug|Any CPU.Build.0 = Debug|Any CPU
		{4818227C-751D-45F8-97A4-BD44019F5B14}.Release|Any CPU.ActiveCfg = Release|Any CPU
		{4818227C-751D-45F8-97A4-BD44019F5B14}.Release|Any CPU.Build.0 = Release|Any CPU
		{338FEAAC-6BB4-4652-8B72-EC5C12DCD003}.Debug|Any CPU.ActiveCfg = Debug|Any CPU
		{338FEAAC-6BB4-4652-8B72-EC5C12DCD003}.Debug|Any CPU.Build.0 = Debug|Any CPU
		{338FEAAC-6BB4-4652-8B72-EC5C12DCD003}.Release|Any CPU.ActiveCfg = Release|Any CPU
		{338FEAAC-6BB4-4652-8B72-EC5C12DCD003}.Release|Any CPU.Build.0 = Release|Any CPU
		{A2D1CFC9-A46D-485F-82C7-1D02046DDDF3}.Debug|Any CPU.ActiveCfg = Debug|Any CPU
		{A2D1CFC9-A46D-485F-82C7-1D02046DDDF3}.Debug|Any CPU.Build.0 = Debug|Any CPU
		{A2D1CFC9-A46D-485F-82C7-1D02046DDDF3}.Release|Any CPU.ActiveCfg = Release|Any CPU
		{A2D1CFC9-A46D-485F-82C7-1D02046DDDF3}.Release|Any CPU.Build.0 = Release|Any CPU
		{064ACE88-1CB2-4DF5-A310-27F4D797B003}.Debug|Any CPU.ActiveCfg = Debug|Any CPU
		{064ACE88-1CB2-4DF5-A310-27F4D797B003}.Debug|Any CPU.Build.0 = Debug|Any CPU
		{064ACE88-1CB2-4DF5-A310-27F4D797B003}.Release|Any CPU.ActiveCfg = Release|Any CPU
		{064ACE88-1CB2-4DF5-A310-27F4D797B003}.Release|Any CPU.Build.0 = Release|Any CPU
		{E2093178-E671-4178-B74C-C5FDB7230237}.Debug|Any CPU.ActiveCfg = Debug|Any CPU
		{E2093178-E671-4178-B74C-C5FDB7230237}.Debug|Any CPU.Build.0 = Debug|Any CPU
		{E2093178-E671-4178-B74C-C5FDB7230237}.Release|Any CPU.ActiveCfg = Release|Any CPU
		{E2093178-E671-4178-B74C-C5FDB7230237}.Release|Any CPU.Build.0 = Release|Any CPU
		{3DA35FD1-F6DB-400B-8903-FDD306FD07C7}.Debug|Any CPU.ActiveCfg = Debug|Any CPU
		{3DA35FD1-F6DB-400B-8903-FDD306FD07C7}.Debug|Any CPU.Build.0 = Debug|Any CPU
		{3DA35FD1-F6DB-400B-8903-FDD306FD07C7}.Release|Any CPU.ActiveCfg = Release|Any CPU
		{3DA35FD1-F6DB-400B-8903-FDD306FD07C7}.Release|Any CPU.Build.0 = Release|Any CPU
		{5072B2AD-DD20-4479-B3CE-766496746AC0}.Debug|Any CPU.ActiveCfg = Debug|Any CPU
		{5072B2AD-DD20-4479-B3CE-766496746AC0}.Debug|Any CPU.Build.0 = Debug|Any CPU
		{5072B2AD-DD20-4479-B3CE-766496746AC0}.Release|Any CPU.ActiveCfg = Release|Any CPU
		{5072B2AD-DD20-4479-B3CE-766496746AC0}.Release|Any CPU.Build.0 = Release|Any CPU
		{8FFBBA4A-329C-4345-8BED-7C3EAD5139CB}.Debug|Any CPU.ActiveCfg = Debug|Any CPU
		{8FFBBA4A-329C-4345-8BED-7C3EAD5139CB}.Debug|Any CPU.Build.0 = Debug|Any CPU
		{8FFBBA4A-329C-4345-8BED-7C3EAD5139CB}.Release|Any CPU.ActiveCfg = Release|Any CPU
		{8FFBBA4A-329C-4345-8BED-7C3EAD5139CB}.Release|Any CPU.Build.0 = Release|Any CPU
		{C5582CFA-7B5C-4B67-AB90-AE9E0EBB4C75}.Debug|Any CPU.ActiveCfg = Debug|Any CPU
		{C5582CFA-7B5C-4B67-AB90-AE9E0EBB4C75}.Debug|Any CPU.Build.0 = Debug|Any CPU
		{C5582CFA-7B5C-4B67-AB90-AE9E0EBB4C75}.Release|Any CPU.ActiveCfg = Release|Any CPU
		{C5582CFA-7B5C-4B67-AB90-AE9E0EBB4C75}.Release|Any CPU.Build.0 = Release|Any CPU
		{EB8B2F48-0F8B-4126-B6EE-EBF58ECB214F}.Debug|Any CPU.ActiveCfg = Debug|Any CPU
		{EB8B2F48-0F8B-4126-B6EE-EBF58ECB214F}.Debug|Any CPU.Build.0 = Debug|Any CPU
		{EB8B2F48-0F8B-4126-B6EE-EBF58ECB214F}.Release|Any CPU.ActiveCfg = Release|Any CPU
		{EB8B2F48-0F8B-4126-B6EE-EBF58ECB214F}.Release|Any CPU.Build.0 = Release|Any CPU
		{99792BE5-C9A4-416A-BB5B-035312506D76}.Debug|Any CPU.ActiveCfg = Debug|Any CPU
		{99792BE5-C9A4-416A-BB5B-035312506D76}.Debug|Any CPU.Build.0 = Debug|Any CPU
		{99792BE5-C9A4-416A-BB5B-035312506D76}.Release|Any CPU.ActiveCfg = Release|Any CPU
		{99792BE5-C9A4-416A-BB5B-035312506D76}.Release|Any CPU.Build.0 = Release|Any CPU
		{4909661A-9FB8-4AA7-9BAB-10ABBA91C01A}.Debug|Any CPU.ActiveCfg = Debug|Any CPU
		{4909661A-9FB8-4AA7-9BAB-10ABBA91C01A}.Debug|Any CPU.Build.0 = Debug|Any CPU
		{4909661A-9FB8-4AA7-9BAB-10ABBA91C01A}.Release|Any CPU.ActiveCfg = Release|Any CPU
		{4909661A-9FB8-4AA7-9BAB-10ABBA91C01A}.Release|Any CPU.Build.0 = Release|Any CPU
		{A447D708-CD73-4B11-9CF7-0248C812996A}.Debug|Any CPU.ActiveCfg = Debug|Any CPU
		{A447D708-CD73-4B11-9CF7-0248C812996A}.Debug|Any CPU.Build.0 = Debug|Any CPU
		{A447D708-CD73-4B11-9CF7-0248C812996A}.Release|Any CPU.ActiveCfg = Release|Any CPU
		{A447D708-CD73-4B11-9CF7-0248C812996A}.Release|Any CPU.Build.0 = Release|Any CPU
		{ED5B56B5-DA6B-40E2-AB5E-E8D492AECEA3}.Debug|Any CPU.ActiveCfg = Debug|Any CPU
		{ED5B56B5-DA6B-40E2-AB5E-E8D492AECEA3}.Debug|Any CPU.Build.0 = Debug|Any CPU
		{ED5B56B5-DA6B-40E2-AB5E-E8D492AECEA3}.Release|Any CPU.ActiveCfg = Release|Any CPU
		{ED5B56B5-DA6B-40E2-AB5E-E8D492AECEA3}.Release|Any CPU.Build.0 = Release|Any CPU
		{DE28B541-8C12-48E9-872B-AED770422270}.Debug|Any CPU.ActiveCfg = Debug|Any CPU
		{DE28B541-8C12-48E9-872B-AED770422270}.Debug|Any CPU.Build.0 = Debug|Any CPU
		{DE28B541-8C12-48E9-872B-AED770422270}.Release|Any CPU.ActiveCfg = Release|Any CPU
		{DE28B541-8C12-48E9-872B-AED770422270}.Release|Any CPU.Build.0 = Release|Any CPU
		{89CAA5C6-6AF4-44D3-9115-DE869AED9BED}.Debug|Any CPU.ActiveCfg = Debug|Any CPU
		{89CAA5C6-6AF4-44D3-9115-DE869AED9BED}.Debug|Any CPU.Build.0 = Debug|Any CPU
		{89CAA5C6-6AF4-44D3-9115-DE869AED9BED}.Release|Any CPU.ActiveCfg = Release|Any CPU
		{89CAA5C6-6AF4-44D3-9115-DE869AED9BED}.Release|Any CPU.Build.0 = Release|Any CPU
		{0B39C7BB-C692-4996-BB94-02DEBC277B3B}.Debug|Any CPU.ActiveCfg = Debug|Any CPU
		{0B39C7BB-C692-4996-BB94-02DEBC277B3B}.Debug|Any CPU.Build.0 = Debug|Any CPU
		{0B39C7BB-C692-4996-BB94-02DEBC277B3B}.Release|Any CPU.ActiveCfg = Release|Any CPU
		{0B39C7BB-C692-4996-BB94-02DEBC277B3B}.Release|Any CPU.Build.0 = Release|Any CPU
		{445B7B01-CCD9-47FA-9322-8BB883DF233E}.Debug|Any CPU.ActiveCfg = Debug|Any CPU
		{445B7B01-CCD9-47FA-9322-8BB883DF233E}.Debug|Any CPU.Build.0 = Debug|Any CPU
		{445B7B01-CCD9-47FA-9322-8BB883DF233E}.Release|Any CPU.ActiveCfg = Release|Any CPU
		{445B7B01-CCD9-47FA-9322-8BB883DF233E}.Release|Any CPU.Build.0 = Release|Any CPU
		{2672847F-DC25-40DC-888F-E4E8B795C63A}.Debug|Any CPU.ActiveCfg = Debug|Any CPU
		{2672847F-DC25-40DC-888F-E4E8B795C63A}.Debug|Any CPU.Build.0 = Debug|Any CPU
		{2672847F-DC25-40DC-888F-E4E8B795C63A}.Release|Any CPU.ActiveCfg = Release|Any CPU
		{2672847F-DC25-40DC-888F-E4E8B795C63A}.Release|Any CPU.Build.0 = Release|Any CPU
		{CA7B5ED0-CF3F-4F5B-B0CC-614595D60B02}.Debug|Any CPU.ActiveCfg = Debug|Any CPU
		{CA7B5ED0-CF3F-4F5B-B0CC-614595D60B02}.Debug|Any CPU.Build.0 = Debug|Any CPU
		{CA7B5ED0-CF3F-4F5B-B0CC-614595D60B02}.Release|Any CPU.ActiveCfg = Release|Any CPU
		{CA7B5ED0-CF3F-4F5B-B0CC-614595D60B02}.Release|Any CPU.Build.0 = Release|Any CPU
		{7409F1A1-3C6C-4FC9-AADD-2A540CC5BFF9}.Debug|Any CPU.ActiveCfg = Debug|Any CPU
		{7409F1A1-3C6C-4FC9-AADD-2A540CC5BFF9}.Debug|Any CPU.Build.0 = Debug|Any CPU
		{7409F1A1-3C6C-4FC9-AADD-2A540CC5BFF9}.Release|Any CPU.ActiveCfg = Release|Any CPU
		{7409F1A1-3C6C-4FC9-AADD-2A540CC5BFF9}.Release|Any CPU.Build.0 = Release|Any CPU
		{587EBE3C-E986-4492-AA33-372E069D2030}.Debug|Any CPU.ActiveCfg = Debug|Any CPU
		{587EBE3C-E986-4492-AA33-372E069D2030}.Debug|Any CPU.Build.0 = Debug|Any CPU
		{587EBE3C-E986-4492-AA33-372E069D2030}.Release|Any CPU.ActiveCfg = Release|Any CPU
		{587EBE3C-E986-4492-AA33-372E069D2030}.Release|Any CPU.Build.0 = Release|Any CPU
		{3E0F786E-F0B1-4D2D-96A0-A2197205FFE8}.Debug|Any CPU.ActiveCfg = Debug|Any CPU
		{3E0F786E-F0B1-4D2D-96A0-A2197205FFE8}.Debug|Any CPU.Build.0 = Debug|Any CPU
		{3E0F786E-F0B1-4D2D-96A0-A2197205FFE8}.Release|Any CPU.ActiveCfg = Release|Any CPU
		{3E0F786E-F0B1-4D2D-96A0-A2197205FFE8}.Release|Any CPU.Build.0 = Release|Any CPU
		{6C95A7C7-1446-4195-9101-3900BD5B650B}.Debug|Any CPU.ActiveCfg = Debug|Any CPU
		{6C95A7C7-1446-4195-9101-3900BD5B650B}.Debug|Any CPU.Build.0 = Debug|Any CPU
		{6C95A7C7-1446-4195-9101-3900BD5B650B}.Release|Any CPU.ActiveCfg = Release|Any CPU
		{6C95A7C7-1446-4195-9101-3900BD5B650B}.Release|Any CPU.Build.0 = Release|Any CPU
		{019F5155-2098-445A-AB73-14B6C49547B3}.Debug|Any CPU.ActiveCfg = Debug|Any CPU
		{019F5155-2098-445A-AB73-14B6C49547B3}.Debug|Any CPU.Build.0 = Debug|Any CPU
		{019F5155-2098-445A-AB73-14B6C49547B3}.Release|Any CPU.ActiveCfg = Release|Any CPU
		{019F5155-2098-445A-AB73-14B6C49547B3}.Release|Any CPU.Build.0 = Release|Any CPU
		{4C39B646-03B9-4DAF-B8E6-30445C9E6114}.Debug|Any CPU.ActiveCfg = Debug|Any CPU
		{4C39B646-03B9-4DAF-B8E6-30445C9E6114}.Debug|Any CPU.Build.0 = Debug|Any CPU
		{4C39B646-03B9-4DAF-B8E6-30445C9E6114}.Release|Any CPU.ActiveCfg = Release|Any CPU
		{4C39B646-03B9-4DAF-B8E6-30445C9E6114}.Release|Any CPU.Build.0 = Release|Any CPU
		{C34CDED0-AEFF-42E2-BBB0-6F39234F9323}.Debug|Any CPU.ActiveCfg = Debug|Any CPU
		{C34CDED0-AEFF-42E2-BBB0-6F39234F9323}.Debug|Any CPU.Build.0 = Debug|Any CPU
		{C34CDED0-AEFF-42E2-BBB0-6F39234F9323}.Release|Any CPU.ActiveCfg = Release|Any CPU
		{C34CDED0-AEFF-42E2-BBB0-6F39234F9323}.Release|Any CPU.Build.0 = Release|Any CPU
		{7780C52D-E21D-49C8-880A-A30CEAE05AE7}.Debug|Any CPU.ActiveCfg = Debug|Any CPU
		{7780C52D-E21D-49C8-880A-A30CEAE05AE7}.Debug|Any CPU.Build.0 = Debug|Any CPU
		{7780C52D-E21D-49C8-880A-A30CEAE05AE7}.Release|Any CPU.ActiveCfg = Release|Any CPU
		{7780C52D-E21D-49C8-880A-A30CEAE05AE7}.Release|Any CPU.Build.0 = Release|Any CPU
		{14C1EE05-D02B-478C-A2B3-70A2E1208C3A}.Debug|Any CPU.ActiveCfg = Debug|Any CPU
		{14C1EE05-D02B-478C-A2B3-70A2E1208C3A}.Debug|Any CPU.Build.0 = Debug|Any CPU
		{14C1EE05-D02B-478C-A2B3-70A2E1208C3A}.Release|Any CPU.ActiveCfg = Release|Any CPU
		{14C1EE05-D02B-478C-A2B3-70A2E1208C3A}.Release|Any CPU.Build.0 = Release|Any CPU
		{E0DD6F15-B73E-472D-9136-AE20913D14B4}.Debug|Any CPU.ActiveCfg = Debug|Any CPU
		{E0DD6F15-B73E-472D-9136-AE20913D14B4}.Debug|Any CPU.Build.0 = Debug|Any CPU
		{E0DD6F15-B73E-472D-9136-AE20913D14B4}.Release|Any CPU.ActiveCfg = Release|Any CPU
		{E0DD6F15-B73E-472D-9136-AE20913D14B4}.Release|Any CPU.Build.0 = Release|Any CPU
		{A7581F44-77B5-45DE-B83A-ED80538767EA}.Debug|Any CPU.ActiveCfg = Debug|Any CPU
		{A7581F44-77B5-45DE-B83A-ED80538767EA}.Debug|Any CPU.Build.0 = Debug|Any CPU
		{A7581F44-77B5-45DE-B83A-ED80538767EA}.Release|Any CPU.ActiveCfg = Release|Any CPU
		{A7581F44-77B5-45DE-B83A-ED80538767EA}.Release|Any CPU.Build.0 = Release|Any CPU
		{8374772F-F8AF-48BF-B80B-2C152AD638D0}.Debug|Any CPU.ActiveCfg = Debug|Any CPU
		{8374772F-F8AF-48BF-B80B-2C152AD638D0}.Debug|Any CPU.Build.0 = Debug|Any CPU
		{8374772F-F8AF-48BF-B80B-2C152AD638D0}.Release|Any CPU.ActiveCfg = Release|Any CPU
		{8374772F-F8AF-48BF-B80B-2C152AD638D0}.Release|Any CPU.Build.0 = Release|Any CPU
		{3A14AA93-A9B7-4B96-815B-81997ED583A2}.Debug|Any CPU.ActiveCfg = Debug|Any CPU
		{3A14AA93-A9B7-4B96-815B-81997ED583A2}.Debug|Any CPU.Build.0 = Debug|Any CPU
		{3A14AA93-A9B7-4B96-815B-81997ED583A2}.Release|Any CPU.ActiveCfg = Release|Any CPU
		{3A14AA93-A9B7-4B96-815B-81997ED583A2}.Release|Any CPU.Build.0 = Release|Any CPU
		{4015EFB0-412F-49FF-A6C0-005771833423}.Debug|Any CPU.ActiveCfg = Debug|Any CPU
		{4015EFB0-412F-49FF-A6C0-005771833423}.Debug|Any CPU.Build.0 = Debug|Any CPU
		{4015EFB0-412F-49FF-A6C0-005771833423}.Release|Any CPU.ActiveCfg = Release|Any CPU
		{4015EFB0-412F-49FF-A6C0-005771833423}.Release|Any CPU.Build.0 = Release|Any CPU
		{8156227E-45A6-452C-AC40-125223BFABB4}.Debug|Any CPU.ActiveCfg = Debug|Any CPU
		{8156227E-45A6-452C-AC40-125223BFABB4}.Debug|Any CPU.Build.0 = Debug|Any CPU
		{8156227E-45A6-452C-AC40-125223BFABB4}.Release|Any CPU.ActiveCfg = Release|Any CPU
		{8156227E-45A6-452C-AC40-125223BFABB4}.Release|Any CPU.Build.0 = Release|Any CPU
		{EBEF1A81-0673-4DA3-8768-5223D57E2D9D}.Debug|Any CPU.ActiveCfg = Debug|Any CPU
		{EBEF1A81-0673-4DA3-8768-5223D57E2D9D}.Debug|Any CPU.Build.0 = Debug|Any CPU
		{EBEF1A81-0673-4DA3-8768-5223D57E2D9D}.Release|Any CPU.ActiveCfg = Release|Any CPU
		{EBEF1A81-0673-4DA3-8768-5223D57E2D9D}.Release|Any CPU.Build.0 = Release|Any CPU
		{F6A477CB-933C-4F08-B7E0-405C340A4BDD}.Debug|Any CPU.ActiveCfg = Debug|Any CPU
		{F6A477CB-933C-4F08-B7E0-405C340A4BDD}.Debug|Any CPU.Build.0 = Debug|Any CPU
		{F6A477CB-933C-4F08-B7E0-405C340A4BDD}.Release|Any CPU.ActiveCfg = Release|Any CPU
		{F6A477CB-933C-4F08-B7E0-405C340A4BDD}.Release|Any CPU.Build.0 = Release|Any CPU
		{DD80A06B-31C6-4D98-A54F-CB29B8B1C1C5}.Debug|Any CPU.ActiveCfg = Debug|Any CPU
		{DD80A06B-31C6-4D98-A54F-CB29B8B1C1C5}.Debug|Any CPU.Build.0 = Debug|Any CPU
		{DD80A06B-31C6-4D98-A54F-CB29B8B1C1C5}.Release|Any CPU.ActiveCfg = Release|Any CPU
		{DD80A06B-31C6-4D98-A54F-CB29B8B1C1C5}.Release|Any CPU.Build.0 = Release|Any CPU
		{92BDAF7A-19C5-4356-8FF8-F46DAA2CBCC3}.Debug|Any CPU.ActiveCfg = Debug|Any CPU
		{92BDAF7A-19C5-4356-8FF8-F46DAA2CBCC3}.Debug|Any CPU.Build.0 = Debug|Any CPU
		{92BDAF7A-19C5-4356-8FF8-F46DAA2CBCC3}.Release|Any CPU.ActiveCfg = Release|Any CPU
		{92BDAF7A-19C5-4356-8FF8-F46DAA2CBCC3}.Release|Any CPU.Build.0 = Release|Any CPU
		{E3BE9421-2B5D-40CD-B720-967BDA9128A0}.Debug|Any CPU.ActiveCfg = Debug|Any CPU
		{E3BE9421-2B5D-40CD-B720-967BDA9128A0}.Debug|Any CPU.Build.0 = Debug|Any CPU
		{E3BE9421-2B5D-40CD-B720-967BDA9128A0}.Release|Any CPU.ActiveCfg = Release|Any CPU
		{E3BE9421-2B5D-40CD-B720-967BDA9128A0}.Release|Any CPU.Build.0 = Release|Any CPU
	EndGlobalSection
	GlobalSection(SolutionProperties) = preSolution
		HideSolutionNode = FALSE
	EndGlobalSection
	GlobalSection(ExtensibilityGlobals) = postSolution
		SolutionGuid = {BFFF209F-7561-4508-941C-E56AED264535}
	EndGlobalSection
EndGlobal
