
Microsoft Visual Studio Solution File, Format Version 12.00
# Visual Studio Version 17
VisualStudioVersion = 17.2.32630.192
MinimumVisualStudioVersion = 10.0.40219.1
Project("{9A19103F-16F7-4668-BE54-9A1E7A4F7556}") = "R5T.Z0065.Construction", "R5T.Z0065.Construction\R5T.Z0065.Construction.csproj", "{A3ADE4FF-7BB7-4580-9890-98C015CEDA5B}"
EndProject
Project("{9A19103F-16F7-4668-BE54-9A1E7A4F7556}") = "R5T.Z0065", "R5T.Z0065\R5T.Z0065.csproj", "{E76B73AA-F769-4D97-84E0-3AD81DDC74AF}"
EndProject
Global
	GlobalSection(SolutionConfigurationPlatforms) = preSolution
		Debug|Any CPU = Debug|Any CPU
		Release|Any CPU = Release|Any CPU
	EndGlobalSection
	GlobalSection(ProjectConfigurationPlatforms) = postSolution
		{A3ADE4FF-7BB7-4580-9890-98C015CEDA5B}.Debug|Any CPU.ActiveCfg = Debug|Any CPU
		{A3ADE4FF-7BB7-4580-9890-98C015CEDA5B}.Debug|Any CPU.Build.0 = Debug|Any CPU
		{A3ADE4FF-7BB7-4580-9890-98C015CEDA5B}.Release|Any CPU.ActiveCfg = Release|Any CPU
		{A3ADE4FF-7BB7-4580-9890-98C015CEDA5B}.Release|Any CPU.Build.0 = Release|Any CPU
		{E76B73AA-F769-4D97-84E0-3AD81DDC74AF}.Debug|Any CPU.ActiveCfg = Debug|Any CPU
		{E76B73AA-F769-4D97-84E0-3AD81DDC74AF}.Debug|Any CPU.Build.0 = Debug|Any CPU
		{E76B73AA-F769-4D97-84E0-3AD81DDC74AF}.Release|Any CPU.ActiveCfg = Release|Any CPU
		{E76B73AA-F769-4D97-84E0-3AD81DDC74AF}.Release|Any CPU.Build.0 = Release|Any CPU
	EndGlobalSection
	GlobalSection(SolutionProperties) = preSolution
		HideSolutionNode = FALSE
	EndGlobalSection
	GlobalSection(ExtensibilityGlobals) = postSolution
		SolutionGuid = {BFFF209F-7561-4508-941C-E56AED264535}
	EndGlobalSection
EndGlobal
